
Microsoft Visual Studio Solution File, Format Version 12.00
# Visual Studio 14
VisualStudioVersion = 14.0.25420.1
MinimumVisualStudioVersion = 10.0.40219.1
Project("{FAE04EC0-301F-11D3-BF4B-00C04F79EFBC}") = "UVIZIO_LED_Controller", "UVIZIO LED Controller\UVIZIO_LED_Controller\UVIZIO_LED_Controller.csproj", "{A150D37E-E0C3-4D68-838F-C6D74D692967}"
EndProject
Project("{FAE04EC0-301F-11D3-BF4B-00C04F79EFBC}") = "UVIZIO_LED_Controller.Droid", "UVIZIO LED Controller\UVIZIO_LED_Controller.Droid\UVIZIO_LED_Controller.Droid.csproj", "{66F8AE38-F45D-49D1-BC30-935EF747EE7B}"
EndProject
Project("{FAE04EC0-301F-11D3-BF4B-00C04F79EFBC}") = "UVIZIO_LED_Controller.iOS", "UVIZIO LED Controller\UVIZIO_LED_Controller.iOS\UVIZIO_LED_Controller.iOS.csproj", "{534AAF30-8C23-4CE3-9682-2EE7A7E0DBA6}"
EndProject
Global
	GlobalSection(SolutionConfigurationPlatforms) = preSolution
		Ad-Hoc|Any CPU = Ad-Hoc|Any CPU
		Ad-Hoc|ARM = Ad-Hoc|ARM
		Ad-Hoc|iPhone = Ad-Hoc|iPhone
		Ad-Hoc|iPhoneSimulator = Ad-Hoc|iPhoneSimulator
		Ad-Hoc|x64 = Ad-Hoc|x64
		Ad-Hoc|x86 = Ad-Hoc|x86
		AppStore|Any CPU = AppStore|Any CPU
		AppStore|ARM = AppStore|ARM
		AppStore|iPhone = AppStore|iPhone
		AppStore|iPhoneSimulator = AppStore|iPhoneSimulator
		AppStore|x64 = AppStore|x64
		AppStore|x86 = AppStore|x86
		Debug|Any CPU = Debug|Any CPU
		Debug|ARM = Debug|ARM
		Debug|iPhone = Debug|iPhone
		Debug|iPhoneSimulator = Debug|iPhoneSimulator
		Debug|x64 = Debug|x64
		Debug|x86 = Debug|x86
		Release|Any CPU = Release|Any CPU
		Release|ARM = Release|ARM
		Release|iPhone = Release|iPhone
		Release|iPhoneSimulator = Release|iPhoneSimulator
		Release|x64 = Release|x64
		Release|x86 = Release|x86
	EndGlobalSection
	GlobalSection(ProjectConfigurationPlatforms) = postSolution
		{A150D37E-E0C3-4D68-838F-C6D74D692967}.Ad-Hoc|Any CPU.ActiveCfg = Release|Any CPU
		{A150D37E-E0C3-4D68-838F-C6D74D692967}.Ad-Hoc|Any CPU.Build.0 = Release|Any CPU
		{A150D37E-E0C3-4D68-838F-C6D74D692967}.Ad-Hoc|ARM.ActiveCfg = Release|Any CPU
		{A150D37E-E0C3-4D68-838F-C6D74D692967}.Ad-Hoc|ARM.Build.0 = Release|Any CPU
		{A150D37E-E0C3-4D68-838F-C6D74D692967}.Ad-Hoc|iPhone.ActiveCfg = Release|Any CPU
		{A150D37E-E0C3-4D68-838F-C6D74D692967}.Ad-Hoc|iPhone.Build.0 = Release|Any CPU
		{A150D37E-E0C3-4D68-838F-C6D74D692967}.Ad-Hoc|iPhoneSimulator.ActiveCfg = Release|Any CPU
		{A150D37E-E0C3-4D68-838F-C6D74D692967}.Ad-Hoc|iPhoneSimulator.Build.0 = Release|Any CPU
		{A150D37E-E0C3-4D68-838F-C6D74D692967}.Ad-Hoc|x64.ActiveCfg = Release|Any CPU
		{A150D37E-E0C3-4D68-838F-C6D74D692967}.Ad-Hoc|x64.Build.0 = Release|Any CPU
		{A150D37E-E0C3-4D68-838F-C6D74D692967}.Ad-Hoc|x86.ActiveCfg = Release|Any CPU
		{A150D37E-E0C3-4D68-838F-C6D74D692967}.Ad-Hoc|x86.Build.0 = Release|Any CPU
		{A150D37E-E0C3-4D68-838F-C6D74D692967}.AppStore|Any CPU.ActiveCfg = Release|Any CPU
		{A150D37E-E0C3-4D68-838F-C6D74D692967}.AppStore|Any CPU.Build.0 = Release|Any CPU
		{A150D37E-E0C3-4D68-838F-C6D74D692967}.AppStore|ARM.ActiveCfg = Release|Any CPU
		{A150D37E-E0C3-4D68-838F-C6D74D692967}.AppStore|ARM.Build.0 = Release|Any CPU
		{A150D37E-E0C3-4D68-838F-C6D74D692967}.AppStore|iPhone.ActiveCfg = Release|Any CPU
		{A150D37E-E0C3-4D68-838F-C6D74D692967}.AppStore|iPhone.Build.0 = Release|Any CPU
		{A150D37E-E0C3-4D68-838F-C6D74D692967}.AppStore|iPhoneSimulator.ActiveCfg = Release|Any CPU
		{A150D37E-E0C3-4D68-838F-C6D74D692967}.AppStore|iPhoneSimulator.Build.0 = Release|Any CPU
		{A150D37E-E0C3-4D68-838F-C6D74D692967}.AppStore|x64.ActiveCfg = Release|Any CPU
		{A150D37E-E0C3-4D68-838F-C6D74D692967}.AppStore|x64.Build.0 = Release|Any CPU
		{A150D37E-E0C3-4D68-838F-C6D74D692967}.AppStore|x86.ActiveCfg = Release|Any CPU
		{A150D37E-E0C3-4D68-838F-C6D74D692967}.AppStore|x86.Build.0 = Release|Any CPU
		{A150D37E-E0C3-4D68-838F-C6D74D692967}.Debug|Any CPU.ActiveCfg = Debug|Any CPU
		{A150D37E-E0C3-4D68-838F-C6D74D692967}.Debug|Any CPU.Build.0 = Debug|Any CPU
		{A150D37E-E0C3-4D68-838F-C6D74D692967}.Debug|ARM.ActiveCfg = Debug|Any CPU
		{A150D37E-E0C3-4D68-838F-C6D74D692967}.Debug|ARM.Build.0 = Debug|Any CPU
		{A150D37E-E0C3-4D68-838F-C6D74D692967}.Debug|iPhone.ActiveCfg = Debug|Any CPU
		{A150D37E-E0C3-4D68-838F-C6D74D692967}.Debug|iPhone.Build.0 = Debug|Any CPU
		{A150D37E-E0C3-4D68-838F-C6D74D692967}.Debug|iPhoneSimulator.ActiveCfg = Debug|Any CPU
		{A150D37E-E0C3-4D68-838F-C6D74D692967}.Debug|iPhoneSimulator.Build.0 = Debug|Any CPU
		{A150D37E-E0C3-4D68-838F-C6D74D692967}.Debug|x64.ActiveCfg = Debug|Any CPU
		{A150D37E-E0C3-4D68-838F-C6D74D692967}.Debug|x64.Build.0 = Debug|Any CPU
		{A150D37E-E0C3-4D68-838F-C6D74D692967}.Debug|x86.ActiveCfg = Debug|Any CPU
		{A150D37E-E0C3-4D68-838F-C6D74D692967}.Debug|x86.Build.0 = Debug|Any CPU
		{A150D37E-E0C3-4D68-838F-C6D74D692967}.Release|Any CPU.ActiveCfg = Release|Any CPU
		{A150D37E-E0C3-4D68-838F-C6D74D692967}.Release|Any CPU.Build.0 = Release|Any CPU
		{A150D37E-E0C3-4D68-838F-C6D74D692967}.Release|ARM.ActiveCfg = Release|Any CPU
		{A150D37E-E0C3-4D68-838F-C6D74D692967}.Release|ARM.Build.0 = Release|Any CPU
		{A150D37E-E0C3-4D68-838F-C6D74D692967}.Release|iPhone.ActiveCfg = Release|Any CPU
		{A150D37E-E0C3-4D68-838F-C6D74D692967}.Release|iPhone.Build.0 = Release|Any CPU
		{A150D37E-E0C3-4D68-838F-C6D74D692967}.Release|iPhoneSimulator.ActiveCfg = Release|Any CPU
		{A150D37E-E0C3-4D68-838F-C6D74D692967}.Release|iPhoneSimulator.Build.0 = Release|Any CPU
		{A150D37E-E0C3-4D68-838F-C6D74D692967}.Release|x64.ActiveCfg = Release|Any CPU
		{A150D37E-E0C3-4D68-838F-C6D74D692967}.Release|x64.Build.0 = Release|Any CPU
		{A150D37E-E0C3-4D68-838F-C6D74D692967}.Release|x86.ActiveCfg = Release|Any CPU
		{A150D37E-E0C3-4D68-838F-C6D74D692967}.Release|x86.Build.0 = Release|Any CPU
		{66F8AE38-F45D-49D1-BC30-935EF747EE7B}.Ad-Hoc|Any CPU.ActiveCfg = Release|Any CPU
		{66F8AE38-F45D-49D1-BC30-935EF747EE7B}.Ad-Hoc|Any CPU.Build.0 = Release|Any CPU
		{66F8AE38-F45D-49D1-BC30-935EF747EE7B}.Ad-Hoc|Any CPU.Deploy.0 = Release|Any CPU
		{66F8AE38-F45D-49D1-BC30-935EF747EE7B}.Ad-Hoc|ARM.ActiveCfg = Release|Any CPU
		{66F8AE38-F45D-49D1-BC30-935EF747EE7B}.Ad-Hoc|ARM.Build.0 = Release|Any CPU
		{66F8AE38-F45D-49D1-BC30-935EF747EE7B}.Ad-Hoc|ARM.Deploy.0 = Release|Any CPU
		{66F8AE38-F45D-49D1-BC30-935EF747EE7B}.Ad-Hoc|iPhone.ActiveCfg = Release|Any CPU
		{66F8AE38-F45D-49D1-BC30-935EF747EE7B}.Ad-Hoc|iPhone.Build.0 = Release|Any CPU
		{66F8AE38-F45D-49D1-BC30-935EF747EE7B}.Ad-Hoc|iPhone.Deploy.0 = Release|Any CPU
		{66F8AE38-F45D-49D1-BC30-935EF747EE7B}.Ad-Hoc|iPhoneSimulator.ActiveCfg = Release|Any CPU
		{66F8AE38-F45D-49D1-BC30-935EF747EE7B}.Ad-Hoc|iPhoneSimulator.Build.0 = Release|Any CPU
		{66F8AE38-F45D-49D1-BC30-935EF747EE7B}.Ad-Hoc|iPhoneSimulator.Deploy.0 = Release|Any CPU
		{66F8AE38-F45D-49D1-BC30-935EF747EE7B}.Ad-Hoc|x64.ActiveCfg = Release|Any CPU
		{66F8AE38-F45D-49D1-BC30-935EF747EE7B}.Ad-Hoc|x64.Build.0 = Release|Any CPU
		{66F8AE38-F45D-49D1-BC30-935EF747EE7B}.Ad-Hoc|x64.Deploy.0 = Release|Any CPU
		{66F8AE38-F45D-49D1-BC30-935EF747EE7B}.Ad-Hoc|x86.ActiveCfg = Release|Any CPU
		{66F8AE38-F45D-49D1-BC30-935EF747EE7B}.Ad-Hoc|x86.Build.0 = Release|Any CPU
		{66F8AE38-F45D-49D1-BC30-935EF747EE7B}.Ad-Hoc|x86.Deploy.0 = Release|Any CPU
		{66F8AE38-F45D-49D1-BC30-935EF747EE7B}.AppStore|Any CPU.ActiveCfg = Release|Any CPU
		{66F8AE38-F45D-49D1-BC30-935EF747EE7B}.AppStore|Any CPU.Build.0 = Release|Any CPU
		{66F8AE38-F45D-49D1-BC30-935EF747EE7B}.AppStore|Any CPU.Deploy.0 = Release|Any CPU
		{66F8AE38-F45D-49D1-BC30-935EF747EE7B}.AppStore|ARM.ActiveCfg = Release|Any CPU
		{66F8AE38-F45D-49D1-BC30-935EF747EE7B}.AppStore|ARM.Build.0 = Release|Any CPU
		{66F8AE38-F45D-49D1-BC30-935EF747EE7B}.AppStore|ARM.Deploy.0 = Release|Any CPU
		{66F8AE38-F45D-49D1-BC30-935EF747EE7B}.AppStore|iPhone.ActiveCfg = Release|Any CPU
		{66F8AE38-F45D-49D1-BC30-935EF747EE7B}.AppStore|iPhone.Build.0 = Release|Any CPU
		{66F8AE38-F45D-49D1-BC30-935EF747EE7B}.AppStore|iPhone.Deploy.0 = Release|Any CPU
		{66F8AE38-F45D-49D1-BC30-935EF747EE7B}.AppStore|iPhoneSimulator.ActiveCfg = Release|Any CPU
		{66F8AE38-F45D-49D1-BC30-935EF747EE7B}.AppStore|iPhoneSimulator.Build.0 = Release|Any CPU
		{66F8AE38-F45D-49D1-BC30-935EF747EE7B}.AppStore|iPhoneSimulator.Deploy.0 = Release|Any CPU
		{66F8AE38-F45D-49D1-BC30-935EF747EE7B}.AppStore|x64.ActiveCfg = Release|Any CPU
		{66F8AE38-F45D-49D1-BC30-935EF747EE7B}.AppStore|x64.Build.0 = Release|Any CPU
		{66F8AE38-F45D-49D1-BC30-935EF747EE7B}.AppStore|x64.Deploy.0 = Release|Any CPU
		{66F8AE38-F45D-49D1-BC30-935EF747EE7B}.AppStore|x86.ActiveCfg = Release|Any CPU
		{66F8AE38-F45D-49D1-BC30-935EF747EE7B}.AppStore|x86.Build.0 = Release|Any CPU
		{66F8AE38-F45D-49D1-BC30-935EF747EE7B}.AppStore|x86.Deploy.0 = Release|Any CPU
		{66F8AE38-F45D-49D1-BC30-935EF747EE7B}.Debug|Any CPU.ActiveCfg = Debug|Any CPU
		{66F8AE38-F45D-49D1-BC30-935EF747EE7B}.Debug|Any CPU.Build.0 = Debug|Any CPU
		{66F8AE38-F45D-49D1-BC30-935EF747EE7B}.Debug|Any CPU.Deploy.0 = Debug|Any CPU
		{66F8AE38-F45D-49D1-BC30-935EF747EE7B}.Debug|ARM.ActiveCfg = Debug|Any CPU
		{66F8AE38-F45D-49D1-BC30-935EF747EE7B}.Debug|ARM.Build.0 = Debug|Any CPU
		{66F8AE38-F45D-49D1-BC30-935EF747EE7B}.Debug|ARM.Deploy.0 = Debug|Any CPU
		{66F8AE38-F45D-49D1-BC30-935EF747EE7B}.Debug|iPhone.ActiveCfg = Debug|Any CPU
		{66F8AE38-F45D-49D1-BC30-935EF747EE7B}.Debug|iPhone.Build.0 = Debug|Any CPU
		{66F8AE38-F45D-49D1-BC30-935EF747EE7B}.Debug|iPhone.Deploy.0 = Debug|Any CPU
		{66F8AE38-F45D-49D1-BC30-935EF747EE7B}.Debug|iPhoneSimulator.ActiveCfg = Debug|Any CPU
		{66F8AE38-F45D-49D1-BC30-935EF747EE7B}.Debug|iPhoneSimulator.Build.0 = Debug|Any CPU
		{66F8AE38-F45D-49D1-BC30-935EF747EE7B}.Debug|iPhoneSimulator.Deploy.0 = Debug|Any CPU
		{66F8AE38-F45D-49D1-BC30-935EF747EE7B}.Debug|x64.ActiveCfg = Debug|Any CPU
		{66F8AE38-F45D-49D1-BC30-935EF747EE7B}.Debug|x64.Build.0 = Debug|Any CPU
		{66F8AE38-F45D-49D1-BC30-935EF747EE7B}.Debug|x64.Deploy.0 = Debug|Any CPU
		{66F8AE38-F45D-49D1-BC30-935EF747EE7B}.Debug|x86.ActiveCfg = Debug|Any CPU
		{66F8AE38-F45D-49D1-BC30-935EF747EE7B}.Debug|x86.Build.0 = Debug|Any CPU
		{66F8AE38-F45D-49D1-BC30-935EF747EE7B}.Debug|x86.Deploy.0 = Debug|Any CPU
		{66F8AE38-F45D-49D1-BC30-935EF747EE7B}.Release|Any CPU.ActiveCfg = Release|Any CPU
		{66F8AE38-F45D-49D1-BC30-935EF747EE7B}.Release|Any CPU.Build.0 = Release|Any CPU
		{66F8AE38-F45D-49D1-BC30-935EF747EE7B}.Release|Any CPU.Deploy.0 = Release|Any CPU
		{66F8AE38-F45D-49D1-BC30-935EF747EE7B}.Release|ARM.ActiveCfg = Release|Any CPU
		{66F8AE38-F45D-49D1-BC30-935EF747EE7B}.Release|ARM.Build.0 = Release|Any CPU
		{66F8AE38-F45D-49D1-BC30-935EF747EE7B}.Release|ARM.Deploy.0 = Release|Any CPU
		{66F8AE38-F45D-49D1-BC30-935EF747EE7B}.Release|iPhone.ActiveCfg = Release|Any CPU
		{66F8AE38-F45D-49D1-BC30-935EF747EE7B}.Release|iPhone.Build.0 = Release|Any CPU
		{66F8AE38-F45D-49D1-BC30-935EF747EE7B}.Release|iPhone.Deploy.0 = Release|Any CPU
		{66F8AE38-F45D-49D1-BC30-935EF747EE7B}.Release|iPhoneSimulator.ActiveCfg = Release|Any CPU
		{66F8AE38-F45D-49D1-BC30-935EF747EE7B}.Release|iPhoneSimulator.Build.0 = Release|Any CPU
		{66F8AE38-F45D-49D1-BC30-935EF747EE7B}.Release|iPhoneSimulator.Deploy.0 = Release|Any CPU
		{66F8AE38-F45D-49D1-BC30-935EF747EE7B}.Release|x64.ActiveCfg = Release|Any CPU
		{66F8AE38-F45D-49D1-BC30-935EF747EE7B}.Release|x64.Build.0 = Release|Any CPU
		{66F8AE38-F45D-49D1-BC30-935EF747EE7B}.Release|x64.Deploy.0 = Release|Any CPU
		{66F8AE38-F45D-49D1-BC30-935EF747EE7B}.Release|x86.ActiveCfg = Release|Any CPU
		{66F8AE38-F45D-49D1-BC30-935EF747EE7B}.Release|x86.Build.0 = Release|Any CPU
		{66F8AE38-F45D-49D1-BC30-935EF747EE7B}.Release|x86.Deploy.0 = Release|Any CPU
		{534AAF30-8C23-4CE3-9682-2EE7A7E0DBA6}.Ad-Hoc|Any CPU.ActiveCfg = Ad-Hoc|iPhone
		{534AAF30-8C23-4CE3-9682-2EE7A7E0DBA6}.Ad-Hoc|ARM.ActiveCfg = Ad-Hoc|iPhone
		{534AAF30-8C23-4CE3-9682-2EE7A7E0DBA6}.Ad-Hoc|iPhone.ActiveCfg = Ad-Hoc|iPhone
		{534AAF30-8C23-4CE3-9682-2EE7A7E0DBA6}.Ad-Hoc|iPhone.Build.0 = Ad-Hoc|iPhone
		{534AAF30-8C23-4CE3-9682-2EE7A7E0DBA6}.Ad-Hoc|iPhoneSimulator.ActiveCfg = Ad-Hoc|iPhoneSimulator
		{534AAF30-8C23-4CE3-9682-2EE7A7E0DBA6}.Ad-Hoc|iPhoneSimulator.Build.0 = Ad-Hoc|iPhoneSimulator
		{534AAF30-8C23-4CE3-9682-2EE7A7E0DBA6}.Ad-Hoc|x64.ActiveCfg = Ad-Hoc|iPhone
		{534AAF30-8C23-4CE3-9682-2EE7A7E0DBA6}.Ad-Hoc|x86.ActiveCfg = Ad-Hoc|iPhone
		{534AAF30-8C23-4CE3-9682-2EE7A7E0DBA6}.AppStore|Any CPU.ActiveCfg = AppStore|iPhone
		{534AAF30-8C23-4CE3-9682-2EE7A7E0DBA6}.AppStore|ARM.ActiveCfg = AppStore|iPhone
		{534AAF30-8C23-4CE3-9682-2EE7A7E0DBA6}.AppStore|iPhone.ActiveCfg = AppStore|iPhone
		{534AAF30-8C23-4CE3-9682-2EE7A7E0DBA6}.AppStore|iPhone.Build.0 = AppStore|iPhone
		{534AAF30-8C23-4CE3-9682-2EE7A7E0DBA6}.AppStore|iPhoneSimulator.ActiveCfg = AppStore|iPhoneSimulator
		{534AAF30-8C23-4CE3-9682-2EE7A7E0DBA6}.AppStore|iPhoneSimulator.Build.0 = AppStore|iPhoneSimulator
		{534AAF30-8C23-4CE3-9682-2EE7A7E0DBA6}.AppStore|x64.ActiveCfg = AppStore|iPhone
		{534AAF30-8C23-4CE3-9682-2EE7A7E0DBA6}.AppStore|x86.ActiveCfg = AppStore|iPhone
		{534AAF30-8C23-4CE3-9682-2EE7A7E0DBA6}.Debug|Any CPU.ActiveCfg = Debug|iPhone
		{534AAF30-8C23-4CE3-9682-2EE7A7E0DBA6}.Debug|ARM.ActiveCfg = Debug|iPhone
		{534AAF30-8C23-4CE3-9682-2EE7A7E0DBA6}.Debug|iPhone.ActiveCfg = Debug|iPhone
		{534AAF30-8C23-4CE3-9682-2EE7A7E0DBA6}.Debug|iPhone.Build.0 = Debug|iPhone
		{534AAF30-8C23-4CE3-9682-2EE7A7E0DBA6}.Debug|iPhoneSimulator.ActiveCfg = Debug|iPhoneSimulator
		{534AAF30-8C23-4CE3-9682-2EE7A7E0DBA6}.Debug|iPhoneSimulator.Build.0 = Debug|iPhoneSimulator
		{534AAF30-8C23-4CE3-9682-2EE7A7E0DBA6}.Debug|x64.ActiveCfg = Debug|iPhone
		{534AAF30-8C23-4CE3-9682-2EE7A7E0DBA6}.Debug|x86.ActiveCfg = Debug|iPhone
		{534AAF30-8C23-4CE3-9682-2EE7A7E0DBA6}.Release|Any CPU.ActiveCfg = Release|iPhone
		{534AAF30-8C23-4CE3-9682-2EE7A7E0DBA6}.Release|ARM.ActiveCfg = Release|iPhone
		{534AAF30-8C23-4CE3-9682-2EE7A7E0DBA6}.Release|iPhone.ActiveCfg = Release|iPhone
		{534AAF30-8C23-4CE3-9682-2EE7A7E0DBA6}.Release|iPhone.Build.0 = Release|iPhone
		{534AAF30-8C23-4CE3-9682-2EE7A7E0DBA6}.Release|iPhoneSimulator.ActiveCfg = Release|iPhoneSimulator
		{534AAF30-8C23-4CE3-9682-2EE7A7E0DBA6}.Release|iPhoneSimulator.Build.0 = Release|iPhoneSimulator
		{534AAF30-8C23-4CE3-9682-2EE7A7E0DBA6}.Release|x64.ActiveCfg = Release|iPhone
		{534AAF30-8C23-4CE3-9682-2EE7A7E0DBA6}.Release|x86.ActiveCfg = Release|iPhone
	EndGlobalSection
	GlobalSection(SolutionProperties) = preSolution
		HideSolutionNode = FALSE
	EndGlobalSection
EndGlobal
