
Microsoft Visual Studio Solution File, Format Version 12.00
# Visual Studio 14
VisualStudioVersion = 14.0.25420.1
MinimumVisualStudioVersion = 10.0.40219.1
Project("{FAE04EC0-301F-11D3-BF4B-00C04F79EFBC}") = "UVIZIO.Controller", "UVIZIO.Controller\UVIZIO.Controller\UVIZIO.Controller.csproj", "{D75B34E3-3BEF-4FEE-AF4D-D1DE3888001F}"
EndProject
Project("{FAE04EC0-301F-11D3-BF4B-00C04F79EFBC}") = "UVIZIO.Controller.Droid", "UVIZIO.Controller\UVIZIO.Controller.Droid\UVIZIO.Controller.Droid.csproj", "{3FC16A72-C4D3-4C79-9D18-B61F3621323C}"
EndProject
Project("{FAE04EC0-301F-11D3-BF4B-00C04F79EFBC}") = "UVIZIO.Controller.iOS", "UVIZIO.Controller\UVIZIO.Controller.iOS\UVIZIO.Controller.iOS.csproj", "{E00FB3E0-3EB3-45AC-9454-95C0223224BC}"
EndProject
Global
	GlobalSection(SolutionConfigurationPlatforms) = preSolution
		Ad-Hoc|Any CPU = Ad-Hoc|Any CPU
		Ad-Hoc|ARM = Ad-Hoc|ARM
		Ad-Hoc|iPhone = Ad-Hoc|iPhone
		Ad-Hoc|iPhoneSimulator = Ad-Hoc|iPhoneSimulator
		Ad-Hoc|x64 = Ad-Hoc|x64
		Ad-Hoc|x86 = Ad-Hoc|x86
		AppStore|Any CPU = AppStore|Any CPU
		AppStore|ARM = AppStore|ARM
		AppStore|iPhone = AppStore|iPhone
		AppStore|iPhoneSimulator = AppStore|iPhoneSimulator
		AppStore|x64 = AppStore|x64
		AppStore|x86 = AppStore|x86
		Debug|Any CPU = Debug|Any CPU
		Debug|ARM = Debug|ARM
		Debug|iPhone = Debug|iPhone
		Debug|iPhoneSimulator = Debug|iPhoneSimulator
		Debug|x64 = Debug|x64
		Debug|x86 = Debug|x86
		Release|Any CPU = Release|Any CPU
		Release|ARM = Release|ARM
		Release|iPhone = Release|iPhone
		Release|iPhoneSimulator = Release|iPhoneSimulator
		Release|x64 = Release|x64
		Release|x86 = Release|x86
	EndGlobalSection
	GlobalSection(ProjectConfigurationPlatforms) = postSolution
		{D75B34E3-3BEF-4FEE-AF4D-D1DE3888001F}.Ad-Hoc|Any CPU.ActiveCfg = Release|Any CPU
		{D75B34E3-3BEF-4FEE-AF4D-D1DE3888001F}.Ad-Hoc|Any CPU.Build.0 = Release|Any CPU
		{D75B34E3-3BEF-4FEE-AF4D-D1DE3888001F}.Ad-Hoc|ARM.ActiveCfg = Release|Any CPU
		{D75B34E3-3BEF-4FEE-AF4D-D1DE3888001F}.Ad-Hoc|ARM.Build.0 = Release|Any CPU
		{D75B34E3-3BEF-4FEE-AF4D-D1DE3888001F}.Ad-Hoc|iPhone.ActiveCfg = Release|Any CPU
		{D75B34E3-3BEF-4FEE-AF4D-D1DE3888001F}.Ad-Hoc|iPhone.Build.0 = Release|Any CPU
		{D75B34E3-3BEF-4FEE-AF4D-D1DE3888001F}.Ad-Hoc|iPhoneSimulator.ActiveCfg = Release|Any CPU
		{D75B34E3-3BEF-4FEE-AF4D-D1DE3888001F}.Ad-Hoc|iPhoneSimulator.Build.0 = Release|Any CPU
		{D75B34E3-3BEF-4FEE-AF4D-D1DE3888001F}.Ad-Hoc|x64.ActiveCfg = Release|Any CPU
		{D75B34E3-3BEF-4FEE-AF4D-D1DE3888001F}.Ad-Hoc|x64.Build.0 = Release|Any CPU
		{D75B34E3-3BEF-4FEE-AF4D-D1DE3888001F}.Ad-Hoc|x86.ActiveCfg = Release|Any CPU
		{D75B34E3-3BEF-4FEE-AF4D-D1DE3888001F}.Ad-Hoc|x86.Build.0 = Release|Any CPU
		{D75B34E3-3BEF-4FEE-AF4D-D1DE3888001F}.AppStore|Any CPU.ActiveCfg = Release|Any CPU
		{D75B34E3-3BEF-4FEE-AF4D-D1DE3888001F}.AppStore|Any CPU.Build.0 = Release|Any CPU
		{D75B34E3-3BEF-4FEE-AF4D-D1DE3888001F}.AppStore|ARM.ActiveCfg = Release|Any CPU
		{D75B34E3-3BEF-4FEE-AF4D-D1DE3888001F}.AppStore|ARM.Build.0 = Release|Any CPU
		{D75B34E3-3BEF-4FEE-AF4D-D1DE3888001F}.AppStore|iPhone.ActiveCfg = Release|Any CPU
		{D75B34E3-3BEF-4FEE-AF4D-D1DE3888001F}.AppStore|iPhone.Build.0 = Release|Any CPU
		{D75B34E3-3BEF-4FEE-AF4D-D1DE3888001F}.AppStore|iPhoneSimulator.ActiveCfg = Release|Any CPU
		{D75B34E3-3BEF-4FEE-AF4D-D1DE3888001F}.AppStore|iPhoneSimulator.Build.0 = Release|Any CPU
		{D75B34E3-3BEF-4FEE-AF4D-D1DE3888001F}.AppStore|x64.ActiveCfg = Release|Any CPU
		{D75B34E3-3BEF-4FEE-AF4D-D1DE3888001F}.AppStore|x64.Build.0 = Release|Any CPU
		{D75B34E3-3BEF-4FEE-AF4D-D1DE3888001F}.AppStore|x86.ActiveCfg = Release|Any CPU
		{D75B34E3-3BEF-4FEE-AF4D-D1DE3888001F}.AppStore|x86.Build.0 = Release|Any CPU
		{D75B34E3-3BEF-4FEE-AF4D-D1DE3888001F}.Debug|Any CPU.ActiveCfg = Debug|Any CPU
		{D75B34E3-3BEF-4FEE-AF4D-D1DE3888001F}.Debug|Any CPU.Build.0 = Debug|Any CPU
		{D75B34E3-3BEF-4FEE-AF4D-D1DE3888001F}.Debug|ARM.ActiveCfg = Debug|Any CPU
		{D75B34E3-3BEF-4FEE-AF4D-D1DE3888001F}.Debug|ARM.Build.0 = Debug|Any CPU
		{D75B34E3-3BEF-4FEE-AF4D-D1DE3888001F}.Debug|iPhone.ActiveCfg = Debug|Any CPU
		{D75B34E3-3BEF-4FEE-AF4D-D1DE3888001F}.Debug|iPhone.Build.0 = Debug|Any CPU
		{D75B34E3-3BEF-4FEE-AF4D-D1DE3888001F}.Debug|iPhoneSimulator.ActiveCfg = Debug|Any CPU
		{D75B34E3-3BEF-4FEE-AF4D-D1DE3888001F}.Debug|iPhoneSimulator.Build.0 = Debug|Any CPU
		{D75B34E3-3BEF-4FEE-AF4D-D1DE3888001F}.Debug|x64.ActiveCfg = Debug|Any CPU
		{D75B34E3-3BEF-4FEE-AF4D-D1DE3888001F}.Debug|x64.Build.0 = Debug|Any CPU
		{D75B34E3-3BEF-4FEE-AF4D-D1DE3888001F}.Debug|x86.ActiveCfg = Debug|Any CPU
		{D75B34E3-3BEF-4FEE-AF4D-D1DE3888001F}.Debug|x86.Build.0 = Debug|Any CPU
		{D75B34E3-3BEF-4FEE-AF4D-D1DE3888001F}.Release|Any CPU.ActiveCfg = Release|Any CPU
		{D75B34E3-3BEF-4FEE-AF4D-D1DE3888001F}.Release|Any CPU.Build.0 = Release|Any CPU
		{D75B34E3-3BEF-4FEE-AF4D-D1DE3888001F}.Release|ARM.ActiveCfg = Release|Any CPU
		{D75B34E3-3BEF-4FEE-AF4D-D1DE3888001F}.Release|ARM.Build.0 = Release|Any CPU
		{D75B34E3-3BEF-4FEE-AF4D-D1DE3888001F}.Release|iPhone.ActiveCfg = Release|Any CPU
		{D75B34E3-3BEF-4FEE-AF4D-D1DE3888001F}.Release|iPhone.Build.0 = Release|Any CPU
		{D75B34E3-3BEF-4FEE-AF4D-D1DE3888001F}.Release|iPhoneSimulator.ActiveCfg = Release|Any CPU
		{D75B34E3-3BEF-4FEE-AF4D-D1DE3888001F}.Release|iPhoneSimulator.Build.0 = Release|Any CPU
		{D75B34E3-3BEF-4FEE-AF4D-D1DE3888001F}.Release|x64.ActiveCfg = Release|Any CPU
		{D75B34E3-3BEF-4FEE-AF4D-D1DE3888001F}.Release|x64.Build.0 = Release|Any CPU
		{D75B34E3-3BEF-4FEE-AF4D-D1DE3888001F}.Release|x86.ActiveCfg = Release|Any CPU
		{D75B34E3-3BEF-4FEE-AF4D-D1DE3888001F}.Release|x86.Build.0 = Release|Any CPU
		{3FC16A72-C4D3-4C79-9D18-B61F3621323C}.Ad-Hoc|Any CPU.ActiveCfg = Release|Any CPU
		{3FC16A72-C4D3-4C79-9D18-B61F3621323C}.Ad-Hoc|Any CPU.Build.0 = Release|Any CPU
		{3FC16A72-C4D3-4C79-9D18-B61F3621323C}.Ad-Hoc|Any CPU.Deploy.0 = Release|Any CPU
		{3FC16A72-C4D3-4C79-9D18-B61F3621323C}.Ad-Hoc|ARM.ActiveCfg = Release|Any CPU
		{3FC16A72-C4D3-4C79-9D18-B61F3621323C}.Ad-Hoc|ARM.Build.0 = Release|Any CPU
		{3FC16A72-C4D3-4C79-9D18-B61F3621323C}.Ad-Hoc|ARM.Deploy.0 = Release|Any CPU
		{3FC16A72-C4D3-4C79-9D18-B61F3621323C}.Ad-Hoc|iPhone.ActiveCfg = Release|Any CPU
		{3FC16A72-C4D3-4C79-9D18-B61F3621323C}.Ad-Hoc|iPhone.Build.0 = Release|Any CPU
		{3FC16A72-C4D3-4C79-9D18-B61F3621323C}.Ad-Hoc|iPhone.Deploy.0 = Release|Any CPU
		{3FC16A72-C4D3-4C79-9D18-B61F3621323C}.Ad-Hoc|iPhoneSimulator.ActiveCfg = Release|Any CPU
		{3FC16A72-C4D3-4C79-9D18-B61F3621323C}.Ad-Hoc|iPhoneSimulator.Build.0 = Release|Any CPU
		{3FC16A72-C4D3-4C79-9D18-B61F3621323C}.Ad-Hoc|iPhoneSimulator.Deploy.0 = Release|Any CPU
		{3FC16A72-C4D3-4C79-9D18-B61F3621323C}.Ad-Hoc|x64.ActiveCfg = Release|Any CPU
		{3FC16A72-C4D3-4C79-9D18-B61F3621323C}.Ad-Hoc|x64.Build.0 = Release|Any CPU
		{3FC16A72-C4D3-4C79-9D18-B61F3621323C}.Ad-Hoc|x64.Deploy.0 = Release|Any CPU
		{3FC16A72-C4D3-4C79-9D18-B61F3621323C}.Ad-Hoc|x86.ActiveCfg = Release|Any CPU
		{3FC16A72-C4D3-4C79-9D18-B61F3621323C}.Ad-Hoc|x86.Build.0 = Release|Any CPU
		{3FC16A72-C4D3-4C79-9D18-B61F3621323C}.Ad-Hoc|x86.Deploy.0 = Release|Any CPU
		{3FC16A72-C4D3-4C79-9D18-B61F3621323C}.AppStore|Any CPU.ActiveCfg = Release|Any CPU
		{3FC16A72-C4D3-4C79-9D18-B61F3621323C}.AppStore|Any CPU.Build.0 = Release|Any CPU
		{3FC16A72-C4D3-4C79-9D18-B61F3621323C}.AppStore|Any CPU.Deploy.0 = Release|Any CPU
		{3FC16A72-C4D3-4C79-9D18-B61F3621323C}.AppStore|ARM.ActiveCfg = Release|Any CPU
		{3FC16A72-C4D3-4C79-9D18-B61F3621323C}.AppStore|ARM.Build.0 = Release|Any CPU
		{3FC16A72-C4D3-4C79-9D18-B61F3621323C}.AppStore|ARM.Deploy.0 = Release|Any CPU
		{3FC16A72-C4D3-4C79-9D18-B61F3621323C}.AppStore|iPhone.ActiveCfg = Release|Any CPU
		{3FC16A72-C4D3-4C79-9D18-B61F3621323C}.AppStore|iPhone.Build.0 = Release|Any CPU
		{3FC16A72-C4D3-4C79-9D18-B61F3621323C}.AppStore|iPhone.Deploy.0 = Release|Any CPU
		{3FC16A72-C4D3-4C79-9D18-B61F3621323C}.AppStore|iPhoneSimulator.ActiveCfg = Release|Any CPU
		{3FC16A72-C4D3-4C79-9D18-B61F3621323C}.AppStore|iPhoneSimulator.Build.0 = Release|Any CPU
		{3FC16A72-C4D3-4C79-9D18-B61F3621323C}.AppStore|iPhoneSimulator.Deploy.0 = Release|Any CPU
		{3FC16A72-C4D3-4C79-9D18-B61F3621323C}.AppStore|x64.ActiveCfg = Release|Any CPU
		{3FC16A72-C4D3-4C79-9D18-B61F3621323C}.AppStore|x64.Build.0 = Release|Any CPU
		{3FC16A72-C4D3-4C79-9D18-B61F3621323C}.AppStore|x64.Deploy.0 = Release|Any CPU
		{3FC16A72-C4D3-4C79-9D18-B61F3621323C}.AppStore|x86.ActiveCfg = Release|Any CPU
		{3FC16A72-C4D3-4C79-9D18-B61F3621323C}.AppStore|x86.Build.0 = Release|Any CPU
		{3FC16A72-C4D3-4C79-9D18-B61F3621323C}.AppStore|x86.Deploy.0 = Release|Any CPU
		{3FC16A72-C4D3-4C79-9D18-B61F3621323C}.Debug|Any CPU.ActiveCfg = Debug|Any CPU
		{3FC16A72-C4D3-4C79-9D18-B61F3621323C}.Debug|Any CPU.Build.0 = Debug|Any CPU
		{3FC16A72-C4D3-4C79-9D18-B61F3621323C}.Debug|Any CPU.Deploy.0 = Debug|Any CPU
		{3FC16A72-C4D3-4C79-9D18-B61F3621323C}.Debug|ARM.ActiveCfg = Debug|Any CPU
		{3FC16A72-C4D3-4C79-9D18-B61F3621323C}.Debug|ARM.Build.0 = Debug|Any CPU
		{3FC16A72-C4D3-4C79-9D18-B61F3621323C}.Debug|ARM.Deploy.0 = Debug|Any CPU
		{3FC16A72-C4D3-4C79-9D18-B61F3621323C}.Debug|iPhone.ActiveCfg = Debug|Any CPU
		{3FC16A72-C4D3-4C79-9D18-B61F3621323C}.Debug|iPhone.Build.0 = Debug|Any CPU
		{3FC16A72-C4D3-4C79-9D18-B61F3621323C}.Debug|iPhone.Deploy.0 = Debug|Any CPU
		{3FC16A72-C4D3-4C79-9D18-B61F3621323C}.Debug|iPhoneSimulator.ActiveCfg = Debug|Any CPU
		{3FC16A72-C4D3-4C79-9D18-B61F3621323C}.Debug|iPhoneSimulator.Build.0 = Debug|Any CPU
		{3FC16A72-C4D3-4C79-9D18-B61F3621323C}.Debug|iPhoneSimulator.Deploy.0 = Debug|Any CPU
		{3FC16A72-C4D3-4C79-9D18-B61F3621323C}.Debug|x64.ActiveCfg = Debug|Any CPU
		{3FC16A72-C4D3-4C79-9D18-B61F3621323C}.Debug|x64.Build.0 = Debug|Any CPU
		{3FC16A72-C4D3-4C79-9D18-B61F3621323C}.Debug|x64.Deploy.0 = Debug|Any CPU
		{3FC16A72-C4D3-4C79-9D18-B61F3621323C}.Debug|x86.ActiveCfg = Debug|Any CPU
		{3FC16A72-C4D3-4C79-9D18-B61F3621323C}.Debug|x86.Build.0 = Debug|Any CPU
		{3FC16A72-C4D3-4C79-9D18-B61F3621323C}.Debug|x86.Deploy.0 = Debug|Any CPU
		{3FC16A72-C4D3-4C79-9D18-B61F3621323C}.Release|Any CPU.ActiveCfg = Release|Any CPU
		{3FC16A72-C4D3-4C79-9D18-B61F3621323C}.Release|Any CPU.Build.0 = Release|Any CPU
		{3FC16A72-C4D3-4C79-9D18-B61F3621323C}.Release|Any CPU.Deploy.0 = Release|Any CPU
		{3FC16A72-C4D3-4C79-9D18-B61F3621323C}.Release|ARM.ActiveCfg = Release|Any CPU
		{3FC16A72-C4D3-4C79-9D18-B61F3621323C}.Release|ARM.Build.0 = Release|Any CPU
		{3FC16A72-C4D3-4C79-9D18-B61F3621323C}.Release|ARM.Deploy.0 = Release|Any CPU
		{3FC16A72-C4D3-4C79-9D18-B61F3621323C}.Release|iPhone.ActiveCfg = Release|Any CPU
		{3FC16A72-C4D3-4C79-9D18-B61F3621323C}.Release|iPhone.Build.0 = Release|Any CPU
		{3FC16A72-C4D3-4C79-9D18-B61F3621323C}.Release|iPhone.Deploy.0 = Release|Any CPU
		{3FC16A72-C4D3-4C79-9D18-B61F3621323C}.Release|iPhoneSimulator.ActiveCfg = Release|Any CPU
		{3FC16A72-C4D3-4C79-9D18-B61F3621323C}.Release|iPhoneSimulator.Build.0 = Release|Any CPU
		{3FC16A72-C4D3-4C79-9D18-B61F3621323C}.Release|iPhoneSimulator.Deploy.0 = Release|Any CPU
		{3FC16A72-C4D3-4C79-9D18-B61F3621323C}.Release|x64.ActiveCfg = Release|Any CPU
		{3FC16A72-C4D3-4C79-9D18-B61F3621323C}.Release|x64.Build.0 = Release|Any CPU
		{3FC16A72-C4D3-4C79-9D18-B61F3621323C}.Release|x64.Deploy.0 = Release|Any CPU
		{3FC16A72-C4D3-4C79-9D18-B61F3621323C}.Release|x86.ActiveCfg = Release|Any CPU
		{3FC16A72-C4D3-4C79-9D18-B61F3621323C}.Release|x86.Build.0 = Release|Any CPU
		{3FC16A72-C4D3-4C79-9D18-B61F3621323C}.Release|x86.Deploy.0 = Release|Any CPU
		{E00FB3E0-3EB3-45AC-9454-95C0223224BC}.Ad-Hoc|Any CPU.ActiveCfg = Ad-Hoc|iPhone
		{E00FB3E0-3EB3-45AC-9454-95C0223224BC}.Ad-Hoc|ARM.ActiveCfg = Ad-Hoc|iPhone
		{E00FB3E0-3EB3-45AC-9454-95C0223224BC}.Ad-Hoc|iPhone.ActiveCfg = Ad-Hoc|iPhone
		{E00FB3E0-3EB3-45AC-9454-95C0223224BC}.Ad-Hoc|iPhone.Build.0 = Ad-Hoc|iPhone
		{E00FB3E0-3EB3-45AC-9454-95C0223224BC}.Ad-Hoc|iPhoneSimulator.ActiveCfg = Ad-Hoc|iPhoneSimulator
		{E00FB3E0-3EB3-45AC-9454-95C0223224BC}.Ad-Hoc|iPhoneSimulator.Build.0 = Ad-Hoc|iPhoneSimulator
		{E00FB3E0-3EB3-45AC-9454-95C0223224BC}.Ad-Hoc|x64.ActiveCfg = Ad-Hoc|iPhone
		{E00FB3E0-3EB3-45AC-9454-95C0223224BC}.Ad-Hoc|x86.ActiveCfg = Ad-Hoc|iPhone
		{E00FB3E0-3EB3-45AC-9454-95C0223224BC}.AppStore|Any CPU.ActiveCfg = AppStore|iPhone
		{E00FB3E0-3EB3-45AC-9454-95C0223224BC}.AppStore|ARM.ActiveCfg = AppStore|iPhone
		{E00FB3E0-3EB3-45AC-9454-95C0223224BC}.AppStore|iPhone.ActiveCfg = AppStore|iPhone
		{E00FB3E0-3EB3-45AC-9454-95C0223224BC}.AppStore|iPhone.Build.0 = AppStore|iPhone
		{E00FB3E0-3EB3-45AC-9454-95C0223224BC}.AppStore|iPhoneSimulator.ActiveCfg = AppStore|iPhoneSimulator
		{E00FB3E0-3EB3-45AC-9454-95C0223224BC}.AppStore|iPhoneSimulator.Build.0 = AppStore|iPhoneSimulator
		{E00FB3E0-3EB3-45AC-9454-95C0223224BC}.AppStore|x64.ActiveCfg = AppStore|iPhone
		{E00FB3E0-3EB3-45AC-9454-95C0223224BC}.AppStore|x86.ActiveCfg = AppStore|iPhone
		{E00FB3E0-3EB3-45AC-9454-95C0223224BC}.Debug|Any CPU.ActiveCfg = Debug|iPhone
		{E00FB3E0-3EB3-45AC-9454-95C0223224BC}.Debug|ARM.ActiveCfg = Debug|iPhone
		{E00FB3E0-3EB3-45AC-9454-95C0223224BC}.Debug|iPhone.ActiveCfg = Debug|iPhone
		{E00FB3E0-3EB3-45AC-9454-95C0223224BC}.Debug|iPhone.Build.0 = Debug|iPhone
		{E00FB3E0-3EB3-45AC-9454-95C0223224BC}.Debug|iPhoneSimulator.ActiveCfg = Debug|iPhoneSimulator
		{E00FB3E0-3EB3-45AC-9454-95C0223224BC}.Debug|iPhoneSimulator.Build.0 = Debug|iPhoneSimulator
		{E00FB3E0-3EB3-45AC-9454-95C0223224BC}.Debug|x64.ActiveCfg = Debug|iPhone
		{E00FB3E0-3EB3-45AC-9454-95C0223224BC}.Debug|x86.ActiveCfg = Debug|iPhone
		{E00FB3E0-3EB3-45AC-9454-95C0223224BC}.Release|Any CPU.ActiveCfg = Release|iPhone
		{E00FB3E0-3EB3-45AC-9454-95C0223224BC}.Release|ARM.ActiveCfg = Release|iPhone
		{E00FB3E0-3EB3-45AC-9454-95C0223224BC}.Release|iPhone.ActiveCfg = Release|iPhone
		{E00FB3E0-3EB3-45AC-9454-95C0223224BC}.Release|iPhone.Build.0 = Release|iPhone
		{E00FB3E0-3EB3-45AC-9454-95C0223224BC}.Release|iPhoneSimulator.ActiveCfg = Release|iPhoneSimulator
		{E00FB3E0-3EB3-45AC-9454-95C0223224BC}.Release|iPhoneSimulator.Build.0 = Release|iPhoneSimulator
		{E00FB3E0-3EB3-45AC-9454-95C0223224BC}.Release|x64.ActiveCfg = Release|iPhone
		{E00FB3E0-3EB3-45AC-9454-95C0223224BC}.Release|x86.ActiveCfg = Release|iPhone
	EndGlobalSection
	GlobalSection(SolutionProperties) = preSolution
		HideSolutionNode = FALSE
	EndGlobalSection
EndGlobal
